// !$*UTF8*$!
{
	archiveVersion = 1;
	classes = {
	};
	objectVersion = 50;
	objects = {

/* Begin PBXBuildFile section */
		2A9BEF6F25681F6600DB7A5F /* watchOsDynamicLists WatchKit App.app in Embed Watch Content */ = {isa = PBXBuildFile; fileRef = 2A9BEF6E25681F6600DB7A5F /* watchOsDynamicLists WatchKit App.app */; settings = {ATTRIBUTES = (RemoveHeadersOnCopy, ); }; };
		2A9BEF7425681F6B00DB7A5F /* Assets.xcassets in Resources */ = {isa = PBXBuildFile; fileRef = 2A9BEF7325681F6B00DB7A5F /* Assets.xcassets */; };
		2A9BEF7B25681F6B00DB7A5F /* watchOsDynamicLists WatchKit Extension.appex in Embed App Extensions */ = {isa = PBXBuildFile; fileRef = 2A9BEF7A25681F6B00DB7A5F /* watchOsDynamicLists WatchKit Extension.appex */; settings = {ATTRIBUTES = (RemoveHeadersOnCopy, ); }; };
		2A9BEF8025681F6B00DB7A5F /* watchOsDynamicListsApp.swift in Sources */ = {isa = PBXBuildFile; fileRef = 2A9BEF7F25681F6B00DB7A5F /* watchOsDynamicListsApp.swift */; };
		2A9BEF8225681F6B00DB7A5F /* ContentView.swift in Sources */ = {isa = PBXBuildFile; fileRef = 2A9BEF8125681F6B00DB7A5F /* ContentView.swift */; };
		2A9BEF8425681F6B00DB7A5F /* NotificationController.swift in Sources */ = {isa = PBXBuildFile; fileRef = 2A9BEF8325681F6B00DB7A5F /* NotificationController.swift */; };
		2A9BEF8625681F6B00DB7A5F /* NotificationView.swift in Sources */ = {isa = PBXBuildFile; fileRef = 2A9BEF8525681F6B00DB7A5F /* NotificationView.swift */; };
		2A9BEF8825681F6B00DB7A5F /* ComplicationController.swift in Sources */ = {isa = PBXBuildFile; fileRef = 2A9BEF8725681F6B00DB7A5F /* ComplicationController.swift */; };
		2A9BEF8A25681F7000DB7A5F /* Assets.xcassets in Resources */ = {isa = PBXBuildFile; fileRef = 2A9BEF8925681F7000DB7A5F /* Assets.xcassets */; };
		2A9BEF8D25681F7000DB7A5F /* Preview Assets.xcassets in Resources */ = {isa = PBXBuildFile; fileRef = 2A9BEF8C25681F7000DB7A5F /* Preview Assets.xcassets */; };
/* End PBXBuildFile section */

/* Begin PBXContainerItemProxy section */
		2A9BEF7025681F6600DB7A5F /* PBXContainerItemProxy */ = {
			isa = PBXContainerItemProxy;
			containerPortal = 2A9BEF6425681F6500DB7A5F /* Project object */;
			proxyType = 1;
			remoteGlobalIDString = 2A9BEF6D25681F6600DB7A5F;
			remoteInfo = "watchOsDynamicLists WatchKit App";
		};
		2A9BEF7C25681F6B00DB7A5F /* PBXContainerItemProxy */ = {
			isa = PBXContainerItemProxy;
			containerPortal = 2A9BEF6425681F6500DB7A5F /* Project object */;
			proxyType = 1;
			remoteGlobalIDString = 2A9BEF7925681F6B00DB7A5F;
			remoteInfo = "watchOsDynamicLists WatchKit Extension";
		};
/* End PBXContainerItemProxy section */

/* Begin PBXCopyFilesBuildPhase section */
		2A9BEF9525681F7000DB7A5F /* Embed App Extensions */ = {
			isa = PBXCopyFilesBuildPhase;
			buildActionMask = 2147483647;
			dstPath = "";
			dstSubfolderSpec = 13;
			files = (
				2A9BEF7B25681F6B00DB7A5F /* watchOsDynamicLists WatchKit Extension.appex in Embed App Extensions */,
			);
			name = "Embed App Extensions";
			runOnlyForDeploymentPostprocessing = 0;
		};
		2A9BEF9925681F7000DB7A5F /* Embed Watch Content */ = {
			isa = PBXCopyFilesBuildPhase;
			buildActionMask = 2147483647;
			dstPath = "$(CONTENTS_FOLDER_PATH)/Watch";
			dstSubfolderSpec = 16;
			files = (
				2A9BEF6F25681F6600DB7A5F /* watchOsDynamicLists WatchKit App.app in Embed Watch Content */,
			);
			name = "Embed Watch Content";
			runOnlyForDeploymentPostprocessing = 0;
		};
/* End PBXCopyFilesBuildPhase section */

/* Begin PBXFileReference section */
		2A9BEF6A25681F6500DB7A5F /* watchOsDynamicLists.app */ = {isa = PBXFileReference; explicitFileType = wrapper.application; includeInIndex = 0; path = watchOsDynamicLists.app; sourceTree = BUILT_PRODUCTS_DIR; };
		2A9BEF6E25681F6600DB7A5F /* watchOsDynamicLists WatchKit App.app */ = {isa = PBXFileReference; explicitFileType = wrapper.application; includeInIndex = 0; path = "watchOsDynamicLists WatchKit App.app"; sourceTree = BUILT_PRODUCTS_DIR; };
		2A9BEF7325681F6B00DB7A5F /* Assets.xcassets */ = {isa = PBXFileReference; lastKnownFileType = folder.assetcatalog; path = Assets.xcassets; sourceTree = "<group>"; };
		2A9BEF7525681F6B00DB7A5F /* Info.plist */ = {isa = PBXFileReference; lastKnownFileType = text.plist.xml; path = Info.plist; sourceTree = "<group>"; };
		2A9BEF7A25681F6B00DB7A5F /* watchOsDynamicLists WatchKit Extension.appex */ = {isa = PBXFileReference; explicitFileType = "wrapper.app-extension"; includeInIndex = 0; path = "watchOsDynamicLists WatchKit Extension.appex"; sourceTree = BUILT_PRODUCTS_DIR; };
		2A9BEF7F25681F6B00DB7A5F /* watchOsDynamicListsApp.swift */ = {isa = PBXFileReference; lastKnownFileType = sourcecode.swift; path = watchOsDynamicListsApp.swift; sourceTree = "<group>"; };
		2A9BEF8125681F6B00DB7A5F /* ContentView.swift */ = {isa = PBXFileReference; lastKnownFileType = sourcecode.swift; path = ContentView.swift; sourceTree = "<group>"; };
		2A9BEF8325681F6B00DB7A5F /* NotificationController.swift */ = {isa = PBXFileReference; lastKnownFileType = sourcecode.swift; path = NotificationController.swift; sourceTree = "<group>"; };
		2A9BEF8525681F6B00DB7A5F /* NotificationView.swift */ = {isa = PBXFileReference; lastKnownFileType = sourcecode.swift; path = NotificationView.swift; sourceTree = "<group>"; };
		2A9BEF8725681F6B00DB7A5F /* ComplicationController.swift */ = {isa = PBXFileReference; lastKnownFileType = sourcecode.swift; path = ComplicationController.swift; sourceTree = "<group>"; };
		2A9BEF8925681F7000DB7A5F /* Assets.xcassets */ = {isa = PBXFileReference; lastKnownFileType = folder.assetcatalog; path = Assets.xcassets; sourceTree = "<group>"; };
		2A9BEF8C25681F7000DB7A5F /* Preview Assets.xcassets */ = {isa = PBXFileReference; lastKnownFileType = folder.assetcatalog; path = "Preview Assets.xcassets"; sourceTree = "<group>"; };
		2A9BEF8E25681F7000DB7A5F /* Info.plist */ = {isa = PBXFileReference; lastKnownFileType = text.plist.xml; path = Info.plist; sourceTree = "<group>"; };
		2A9BEF8F25681F7000DB7A5F /* PushNotificationPayload.apns */ = {isa = PBXFileReference; lastKnownFileType = text; path = PushNotificationPayload.apns; sourceTree = "<group>"; };
/* End PBXFileReference section */

/* Begin PBXFrameworksBuildPhase section */
		2A9BEF7725681F6B00DB7A5F /* Frameworks */ = {
			isa = PBXFrameworksBuildPhase;
			buildActionMask = 2147483647;
			files = (
			);
			runOnlyForDeploymentPostprocessing = 0;
		};
/* End PBXFrameworksBuildPhase section */

/* Begin PBXGroup section */
		2A9BEF6325681F6500DB7A5F = {
			isa = PBXGroup;
			children = (
				2A9BEF7225681F6600DB7A5F /* watchOsDynamicLists WatchKit App */,
				2A9BEF7E25681F6B00DB7A5F /* watchOsDynamicLists WatchKit Extension */,
				2A9BEF6B25681F6500DB7A5F /* Products */,
			);
			sourceTree = "<group>";
		};
		2A9BEF6B25681F6500DB7A5F /* Products */ = {
			isa = PBXGroup;
			children = (
				2A9BEF6A25681F6500DB7A5F /* watchOsDynamicLists.app */,
				2A9BEF6E25681F6600DB7A5F /* watchOsDynamicLists WatchKit App.app */,
				2A9BEF7A25681F6B00DB7A5F /* watchOsDynamicLists WatchKit Extension.appex */,
			);
			name = Products;
			sourceTree = "<group>";
		};
		2A9BEF7225681F6600DB7A5F /* watchOsDynamicLists WatchKit App */ = {
			isa = PBXGroup;
			children = (
				2A9BEF7325681F6B00DB7A5F /* Assets.xcassets */,
				2A9BEF7525681F6B00DB7A5F /* Info.plist */,
			);
			path = "watchOsDynamicLists WatchKit App";
			sourceTree = "<group>";
		};
		2A9BEF7E25681F6B00DB7A5F /* watchOsDynamicLists WatchKit Extension */ = {
			isa = PBXGroup;
			children = (
				2A9BEF7F25681F6B00DB7A5F /* watchOsDynamicListsApp.swift */,
				2A9BEF8125681F6B00DB7A5F /* ContentView.swift */,
				2A9BEF8325681F6B00DB7A5F /* NotificationController.swift */,
				2A9BEF8525681F6B00DB7A5F /* NotificationView.swift */,
				2A9BEF8725681F6B00DB7A5F /* ComplicationController.swift */,
				2A9BEF8925681F7000DB7A5F /* Assets.xcassets */,
				2A9BEF8E25681F7000DB7A5F /* Info.plist */,
				2A9BEF8F25681F7000DB7A5F /* PushNotificationPayload.apns */,
				2A9BEF8B25681F7000DB7A5F /* Preview Content */,
			);
			path = "watchOsDynamicLists WatchKit Extension";
			sourceTree = "<group>";
		};
		2A9BEF8B25681F7000DB7A5F /* Preview Content */ = {
			isa = PBXGroup;
			children = (
				2A9BEF8C25681F7000DB7A5F /* Preview Assets.xcassets */,
			);
			path = "Preview Content";
			sourceTree = "<group>";
		};
/* End PBXGroup section */

/* Begin PBXNativeTarget section */
		2A9BEF6925681F6500DB7A5F /* watchOsDynamicLists */ = {
			isa = PBXNativeTarget;
			buildConfigurationList = 2A9BEF9A25681F7000DB7A5F /* Build configuration list for PBXNativeTarget "watchOsDynamicLists" */;
			buildPhases = (
				2A9BEF6825681F6500DB7A5F /* Resources */,
				2A9BEF9925681F7000DB7A5F /* Embed Watch Content */,
			);
			buildRules = (
			);
			dependencies = (
				2A9BEF7125681F6600DB7A5F /* PBXTargetDependency */,
			);
			name = watchOsDynamicLists;
			productName = watchOsDynamicLists;
			productReference = 2A9BEF6A25681F6500DB7A5F /* watchOsDynamicLists.app */;
			productType = "com.apple.product-type.application.watchapp2-container";
		};
		2A9BEF6D25681F6600DB7A5F /* watchOsDynamicLists WatchKit App */ = {
			isa = PBXNativeTarget;
			buildConfigurationList = 2A9BEF9625681F7000DB7A5F /* Build configuration list for PBXNativeTarget "watchOsDynamicLists WatchKit App" */;
			buildPhases = (
				2A9BEF6C25681F6600DB7A5F /* Resources */,
				2A9BEF9525681F7000DB7A5F /* Embed App Extensions */,
			);
			buildRules = (
			);
			dependencies = (
				2A9BEF7D25681F6B00DB7A5F /* PBXTargetDependency */,
			);
			name = "watchOsDynamicLists WatchKit App";
			productName = "watchOsDynamicLists WatchKit App";
			productReference = 2A9BEF6E25681F6600DB7A5F /* watchOsDynamicLists WatchKit App.app */;
			productType = "com.apple.product-type.application.watchapp2";
		};
		2A9BEF7925681F6B00DB7A5F /* watchOsDynamicLists WatchKit Extension */ = {
			isa = PBXNativeTarget;
			buildConfigurationList = 2A9BEF9225681F7000DB7A5F /* Build configuration list for PBXNativeTarget "watchOsDynamicLists WatchKit Extension" */;
			buildPhases = (
				2A9BEF7625681F6B00DB7A5F /* Sources */,
				2A9BEF7725681F6B00DB7A5F /* Frameworks */,
				2A9BEF7825681F6B00DB7A5F /* Resources */,
			);
			buildRules = (
			);
			dependencies = (
			);
			name = "watchOsDynamicLists WatchKit Extension";
			productName = "watchOsDynamicLists WatchKit Extension";
			productReference = 2A9BEF7A25681F6B00DB7A5F /* watchOsDynamicLists WatchKit Extension.appex */;
			productType = "com.apple.product-type.watchkit2-extension";
		};
/* End PBXNativeTarget section */

/* Begin PBXProject section */
		2A9BEF6425681F6500DB7A5F /* Project object */ = {
			isa = PBXProject;
			attributes = {
				LastSwiftUpdateCheck = 1220;
				LastUpgradeCheck = 1220;
				TargetAttributes = {
					2A9BEF6925681F6500DB7A5F = {
						CreatedOnToolsVersion = 12.2;
					};
					2A9BEF6D25681F6600DB7A5F = {
						CreatedOnToolsVersion = 12.2;
					};
					2A9BEF7925681F6B00DB7A5F = {
						CreatedOnToolsVersion = 12.2;
					};
				};
			};
			buildConfigurationList = 2A9BEF6725681F6500DB7A5F /* Build configuration list for PBXProject "watchOsDynamicLists" */;
			compatibilityVersion = "Xcode 9.3";
			developmentRegion = en;
			hasScannedForEncodings = 0;
			knownRegions = (
				en,
				Base,
			);
			mainGroup = 2A9BEF6325681F6500DB7A5F;
			productRefGroup = 2A9BEF6B25681F6500DB7A5F /* Products */;
			projectDirPath = "";
			projectRoot = "";
			targets = (
				2A9BEF6925681F6500DB7A5F /* watchOsDynamicLists */,
				2A9BEF6D25681F6600DB7A5F /* watchOsDynamicLists WatchKit App */,
				2A9BEF7925681F6B00DB7A5F /* watchOsDynamicLists WatchKit Extension */,
			);
		};
/* End PBXProject section */

/* Begin PBXResourcesBuildPhase section */
		2A9BEF6825681F6500DB7A5F /* Resources */ = {
			isa = PBXResourcesBuildPhase;
			buildActionMask = 2147483647;
			files = (
			);
			runOnlyForDeploymentPostprocessing = 0;
		};
		2A9BEF6C25681F6600DB7A5F /* Resources */ = {
			isa = PBXResourcesBuildPhase;
			buildActionMask = 2147483647;
			files = (
				2A9BEF7425681F6B00DB7A5F /* Assets.xcassets in Resources */,
			);
			runOnlyForDeploymentPostprocessing = 0;
		};
		2A9BEF7825681F6B00DB7A5F /* Resources */ = {
			isa = PBXResourcesBuildPhase;
			buildActionMask = 2147483647;
			files = (
				2A9BEF8D25681F7000DB7A5F /* Preview Assets.xcassets in Resources */,
				2A9BEF8A25681F7000DB7A5F /* Assets.xcassets in Resources */,
			);
			runOnlyForDeploymentPostprocessing = 0;
		};
/* End PBXResourcesBuildPhase section */

/* Begin PBXSourcesBuildPhase section */
		2A9BEF7625681F6B00DB7A5F /* Sources */ = {
			isa = PBXSourcesBuildPhase;
			buildActionMask = 2147483647;
			files = (
				2A9BEF8425681F6B00DB7A5F /* NotificationController.swift in Sources */,
				2A9BEF8225681F6B00DB7A5F /* ContentView.swift in Sources */,
				2A9BEF8825681F6B00DB7A5F /* ComplicationController.swift in Sources */,
				2A9BEF8025681F6B00DB7A5F /* watchOsDynamicListsApp.swift in Sources */,
				2A9BEF8625681F6B00DB7A5F /* NotificationView.swift in Sources */,
			);
			runOnlyForDeploymentPostprocessing = 0;
		};
/* End PBXSourcesBuildPhase section */

/* Begin PBXTargetDependency section */
		2A9BEF7125681F6600DB7A5F /* PBXTargetDependency */ = {
			isa = PBXTargetDependency;
			target = 2A9BEF6D25681F6600DB7A5F /* watchOsDynamicLists WatchKit App */;
			targetProxy = 2A9BEF7025681F6600DB7A5F /* PBXContainerItemProxy */;
		};
		2A9BEF7D25681F6B00DB7A5F /* PBXTargetDependency */ = {
			isa = PBXTargetDependency;
			target = 2A9BEF7925681F6B00DB7A5F /* watchOsDynamicLists WatchKit Extension */;
			targetProxy = 2A9BEF7C25681F6B00DB7A5F /* PBXContainerItemProxy */;
		};
/* End PBXTargetDependency section */

/* Begin XCBuildConfiguration section */
		2A9BEF9025681F7000DB7A5F /* Debug */ = {
			isa = XCBuildConfiguration;
			buildSettings = {
				ALWAYS_SEARCH_USER_PATHS = NO;
				CLANG_ANALYZER_NONNULL = YES;
				CLANG_ANALYZER_NUMBER_OBJECT_CONVERSION = YES_AGGRESSIVE;
				CLANG_CXX_LANGUAGE_STANDARD = "gnu++14";
				CLANG_CXX_LIBRARY = "libc++";
				CLANG_ENABLE_MODULES = YES;
				CLANG_ENABLE_OBJC_ARC = YES;
				CLANG_ENABLE_OBJC_WEAK = YES;
				CLANG_WARN_BLOCK_CAPTURE_AUTORELEASING = YES;
				CLANG_WARN_BOOL_CONVERSION = YES;
				CLANG_WARN_COMMA = YES;
				CLANG_WARN_CONSTANT_CONVERSION = YES;
				CLANG_WARN_DEPRECATED_OBJC_IMPLEMENTATIONS = YES;
				CLANG_WARN_DIRECT_OBJC_ISA_USAGE = YES_ERROR;
				CLANG_WARN_DOCUMENTATION_COMMENTS = YES;
				CLANG_WARN_EMPTY_BODY = YES;
				CLANG_WARN_ENUM_CONVERSION = YES;
				CLANG_WARN_INFINITE_RECURSION = YES;
				CLANG_WARN_INT_CONVERSION = YES;
				CLANG_WARN_NON_LITERAL_NULL_CONVERSION = YES;
				CLANG_WARN_OBJC_IMPLICIT_RETAIN_SELF = YES;
				CLANG_WARN_OBJC_LITERAL_CONVERSION = YES;
				CLANG_WARN_OBJC_ROOT_CLASS = YES_ERROR;
				CLANG_WARN_QUOTED_INCLUDE_IN_FRAMEWORK_HEADER = YES;
				CLANG_WARN_RANGE_LOOP_ANALYSIS = YES;
				CLANG_WARN_STRICT_PROTOTYPES = YES;
				CLANG_WARN_SUSPICIOUS_MOVE = YES;
				CLANG_WARN_UNGUARDED_AVAILABILITY = YES_AGGRESSIVE;
				CLANG_WARN_UNREACHABLE_CODE = YES;
				CLANG_WARN__DUPLICATE_METHOD_MATCH = YES;
				COPY_PHASE_STRIP = NO;
				DEBUG_INFORMATION_FORMAT = dwarf;
				ENABLE_STRICT_OBJC_MSGSEND = YES;
				ENABLE_TESTABILITY = YES;
				GCC_C_LANGUAGE_STANDARD = gnu11;
				GCC_DYNAMIC_NO_PIC = NO;
				GCC_NO_COMMON_BLOCKS = YES;
				GCC_OPTIMIZATION_LEVEL = 0;
				GCC_PREPROCESSOR_DEFINITIONS = (
					"DEBUG=1",
					"$(inherited)",
				);
				GCC_WARN_64_TO_32_BIT_CONVERSION = YES;
				GCC_WARN_ABOUT_RETURN_TYPE = YES_ERROR;
				GCC_WARN_UNDECLARED_SELECTOR = YES;
				GCC_WARN_UNINITIALIZED_AUTOS = YES_AGGRESSIVE;
				GCC_WARN_UNUSED_FUNCTION = YES;
				GCC_WARN_UNUSED_VARIABLE = YES;
				MTL_ENABLE_DEBUG_INFO = INCLUDE_SOURCE;
				MTL_FAST_MATH = YES;
				ONLY_ACTIVE_ARCH = YES;
				SDKROOT = iphoneos;
				SWIFT_ACTIVE_COMPILATION_CONDITIONS = DEBUG;
				SWIFT_OPTIMIZATION_LEVEL = "-Onone";
			};
			name = Debug;
		};
		2A9BEF9125681F7000DB7A5F /* Release */ = {
			isa = XCBuildConfiguration;
			buildSettings = {
				ALWAYS_SEARCH_USER_PATHS = NO;
				CLANG_ANALYZER_NONNULL = YES;
				CLANG_ANALYZER_NUMBER_OBJECT_CONVERSION = YES_AGGRESSIVE;
				CLANG_CXX_LANGUAGE_STANDARD = "gnu++14";
				CLANG_CXX_LIBRARY = "libc++";
				CLANG_ENABLE_MODULES = YES;
				CLANG_ENABLE_OBJC_ARC = YES;
				CLANG_ENABLE_OBJC_WEAK = YES;
				CLANG_WARN_BLOCK_CAPTURE_AUTORELEASING = YES;
				CLANG_WARN_BOOL_CONVERSION = YES;
				CLANG_WARN_COMMA = YES;
				CLANG_WARN_CONSTANT_CONVERSION = YES;
				CLANG_WARN_DEPRECATED_OBJC_IMPLEMENTATIONS = YES;
				CLANG_WARN_DIRECT_OBJC_ISA_USAGE = YES_ERROR;
				CLANG_WARN_DOCUMENTATION_COMMENTS = YES;
				CLANG_WARN_EMPTY_BODY = YES;
				CLANG_WARN_ENUM_CONVERSION = YES;
				CLANG_WARN_INFINITE_RECURSION = YES;
				CLANG_WARN_INT_CONVERSION = YES;
				CLANG_WARN_NON_LITERAL_NULL_CONVERSION = YES;
				CLANG_WARN_OBJC_IMPLICIT_RETAIN_SELF = YES;
				CLANG_WARN_OBJC_LITERAL_CONVERSION = YES;
				CLANG_WARN_OBJC_ROOT_CLASS = YES_ERROR;
				CLANG_WARN_QUOTED_INCLUDE_IN_FRAMEWORK_HEADER = YES;
				CLANG_WARN_RANGE_LOOP_ANALYSIS = YES;
				CLANG_WARN_STRICT_PROTOTYPES = YES;
				CLANG_WARN_SUSPICIOUS_MOVE = YES;
				CLANG_WARN_UNGUARDED_AVAILABILITY = YES_AGGRESSIVE;
				CLANG_WARN_UNREACHABLE_CODE = YES;
				CLANG_WARN__DUPLICATE_METHOD_MATCH = YES;
				COPY_PHASE_STRIP = NO;
				DEBUG_INFORMATION_FORMAT = "dwarf-with-dsym";
				ENABLE_NS_ASSERTIONS = NO;
				ENABLE_STRICT_OBJC_MSGSEND = YES;
				GCC_C_LANGUAGE_STANDARD = gnu11;
				GCC_NO_COMMON_BLOCKS = YES;
				GCC_WARN_64_TO_32_BIT_CONVERSION = YES;
				GCC_WARN_ABOUT_RETURN_TYPE = YES_ERROR;
				GCC_WARN_UNDECLARED_SELECTOR = YES;
				GCC_WARN_UNINITIALIZED_AUTOS = YES_AGGRESSIVE;
				GCC_WARN_UNUSED_FUNCTION = YES;
				GCC_WARN_UNUSED_VARIABLE = YES;
				MTL_ENABLE_DEBUG_INFO = NO;
				MTL_FAST_MATH = YES;
				SDKROOT = iphoneos;
				SWIFT_COMPILATION_MODE = wholemodule;
				SWIFT_OPTIMIZATION_LEVEL = "-O";
				VALIDATE_PRODUCT = YES;
			};
			name = Release;
		};
		2A9BEF9325681F7000DB7A5F /* Debug */ = {
			isa = XCBuildConfiguration;
			buildSettings = {
				ASSETCATALOG_COMPILER_COMPLICATION_NAME = Complication;
				CODE_SIGN_STYLE = Automatic;
				DEVELOPMENT_ASSET_PATHS = "\"watchOsDynamicLists WatchKit Extension/Preview Content\"";
				DEVELOPMENT_TEAM = GR6SL6LH76;
				ENABLE_PREVIEWS = YES;
				INFOPLIST_FILE = "watchOsDynamicLists WatchKit Extension/Info.plist";
				LD_RUNPATH_SEARCH_PATHS = (
					"$(inherited)",
					"@executable_path/Frameworks",
					"@executable_path/../../Frameworks",
				);
				PRODUCT_BUNDLE_IDENTIFIER = ca.cloutier.vincent.watchOsDynamicLists.watchkitapp.watchkitextension;
				PRODUCT_NAME = "${TARGET_NAME}";
				SDKROOT = watchos;
				SKIP_INSTALL = YES;
				SWIFT_VERSION = 5.0;
				TARGETED_DEVICE_FAMILY = 4;
				WATCHOS_DEPLOYMENT_TARGET = 7.1;
			};
			name = Debug;
		};
		2A9BEF9425681F7000DB7A5F /* Release */ = {
			isa = XCBuildConfiguration;
			buildSettings = {
				ASSETCATALOG_COMPILER_COMPLICATION_NAME = Complication;
				CODE_SIGN_STYLE = Automatic;
				DEVELOPMENT_ASSET_PATHS = "\"watchOsDynamicLists WatchKit Extension/Preview Content\"";
				DEVELOPMENT_TEAM = GR6SL6LH76;
				ENABLE_PREVIEWS = YES;
				INFOPLIST_FILE = "watchOsDynamicLists WatchKit Extension/Info.plist";
				LD_RUNPATH_SEARCH_PATHS = (
					"$(inherited)",
					"@executable_path/Frameworks",
					"@executable_path/../../Frameworks",
				);
				PRODUCT_BUNDLE_IDENTIFIER = ca.cloutier.vincent.watchOsDynamicLists.watchkitapp.watchkitextension;
				PRODUCT_NAME = "${TARGET_NAME}";
				SDKROOT = watchos;
				SKIP_INSTALL = YES;
				SWIFT_VERSION = 5.0;
				TARGETED_DEVICE_FAMILY = 4;
				WATCHOS_DEPLOYMENT_TARGET = 7.1;
			};
			name = Release;
		};
		2A9BEF9725681F7000DB7A5F /* Debug */ = {
			isa = XCBuildConfiguration;
			buildSettings = {
				ALWAYS_EMBED_SWIFT_STANDARD_LIBRARIES = YES;
				ASSETCATALOG_COMPILER_APPICON_NAME = AppIcon;
				ASSETCATALOG_COMPILER_GLOBAL_ACCENT_COLOR_NAME = AccentColor;
				CODE_SIGN_STYLE = Automatic;
				DEVELOPMENT_TEAM = GR6SL6LH76;
				IBSC_MODULE = watchOsDynamicLists_WatchKit_Extension;
				INFOPLIST_FILE = "watchOsDynamicLists WatchKit App/Info.plist";
				PRODUCT_BUNDLE_IDENTIFIER = ca.cloutier.vincent.watchOsDynamicLists.watchkitapp;
				PRODUCT_NAME = "$(TARGET_NAME)";
				SDKROOT = watchos;
				SKIP_INSTALL = YES;
				SWIFT_VERSION = 5.0;
				TARGETED_DEVICE_FAMILY = 4;
				WATCHOS_DEPLOYMENT_TARGET = 7.1;
			};
			name = Debug;
		};
		2A9BEF9825681F7000DB7A5F /* Release */ = {
			isa = XCBuildConfiguration;
			buildSettings = {
				ALWAYS_EMBED_SWIFT_STANDARD_LIBRARIES = YES;
				ASSETCATALOG_COMPILER_APPICON_NAME = AppIcon;
				ASSETCATALOG_COMPILER_GLOBAL_ACCENT_COLOR_NAME = AccentColor;
				CODE_SIGN_STYLE = Automatic;
				DEVELOPMENT_TEAM = GR6SL6LH76;
				IBSC_MODULE = watchOsDynamicLists_WatchKit_Extension;
				INFOPLIST_FILE = "watchOsDynamicLists WatchKit App/Info.plist";
				PRODUCT_BUNDLE_IDENTIFIER = ca.cloutier.vincent.watchOsDynamicLists.watchkitapp;
				PRODUCT_NAME = "$(TARGET_NAME)";
				SDKROOT = watchos;
				SKIP_INSTALL = YES;
				SWIFT_VERSION = 5.0;
				TARGETED_DEVICE_FAMILY = 4;
				WATCHOS_DEPLOYMENT_TARGET = 7.1;
			};
			name = Release;
		};
		2A9BEF9B25681F7000DB7A5F /* Debug */ = {
			isa = XCBuildConfiguration;
			buildSettings = {
				CODE_SIGN_STYLE = Automatic;
				CURRENT_PROJECT_VERSION = 1;
				DEVELOPMENT_TEAM = GR6SL6LH76;
				MARKETING_VERSION = 1.0;
				PRODUCT_BUNDLE_IDENTIFIER = ca.cloutier.vincent.watchOsDynamicLists;
				PRODUCT_NAME = "$(TARGET_NAME)";
				SWIFT_VERSION = 5.0;
			};
			name = Debug;
		};
		2A9BEF9C25681F7000DB7A5F /* Release */ = {
			isa = XCBuildConfiguration;
			buildSettings = {
				CODE_SIGN_STYLE = Automatic;
				CURRENT_PROJECT_VERSION = 1;
				DEVELOPMENT_TEAM = GR6SL6LH76;
				MARKETING_VERSION = 1.0;
				PRODUCT_BUNDLE_IDENTIFIER = ca.cloutier.vincent.watchOsDynamicLists;
				PRODUCT_NAME = "$(TARGET_NAME)";
				SWIFT_VERSION = 5.0;
			};
			name = Release;
		};
/* End XCBuildConfiguration section */

/* Begin XCConfigurationList section */
		2A9BEF6725681F6500DB7A5F /* Build configuration list for PBXProject "watchOsDynamicLists" */ = {
			isa = XCConfigurationList;
			buildConfigurations = (
				2A9BEF9025681F7000DB7A5F /* Debug */,
				2A9BEF9125681F7000DB7A5F /* Release */,
			);
			defaultConfigurationIsVisible = 0;
			defaultConfigurationName = Release;
		};
		2A9BEF9225681F7000DB7A5F /* Build configuration list for PBXNativeTarget "watchOsDynamicLists WatchKit Extension" */ = {
			isa = XCConfigurationList;
			buildConfigurations = (
				2A9BEF9325681F7000DB7A5F /* Debug */,
				2A9BEF9425681F7000DB7A5F /* Release */,
			);
			defaultConfigurationIsVisible = 0;
			defaultConfigurationName = Release;
		};
		2A9BEF9625681F7000DB7A5F /* Build configuration list for PBXNativeTarget "watchOsDynamicLists WatchKit App" */ = {
			isa = XCConfigurationList;
			buildConfigurations = (
				2A9BEF9725681F7000DB7A5F /* Debug */,
				2A9BEF9825681F7000DB7A5F /* Release */,
			);
			defaultConfigurationIsVisible = 0;
			defaultConfigurationName = Release;
		};
		2A9BEF9A25681F7000DB7A5F /* Build configuration list for PBXNativeTarget "watchOsDynamicLists" */ = {
			isa = XCConfigurationList;
			buildConfigurations = (
				2A9BEF9B25681F7000DB7A5F /* Debug */,
				2A9BEF9C25681F7000DB7A5F /* Release */,
			);
			defaultConfigurationIsVisible = 0;
			defaultConfigurationName = Release;
		};
/* End XCConfigurationList section */
	};
	rootObject = 2A9BEF6425681F6500DB7A5F /* Project object */;
}
